
Microsoft Visual Studio Solution File, Format Version 12.00
# Visual Studio 15
VisualStudioVersion = 15.0.26730.12
MinimumVisualStudioVersion = 10.0.40219.1
Project("{FAE04EC0-301F-11D3-BF4B-00C04F79EFBC}") = "GoldSentinel", "GoldSentinel.csproj", "{1AAD0BB9-A5B1-4373-8E0E-6231C183E3DC}"
EndProject
Global
	GlobalSection(SolutionConfigurationPlatforms) = preSolution
		Debug|Any CPU = Debug|Any CPU
		Release|Any CPU = Release|Any CPU
	EndGlobalSection
	GlobalSection(ProjectConfigurationPlatforms) = postSolution
		{1AAD0BB9-A5B1-4373-8E0E-6231C183E3DC}.Debug|Any CPU.ActiveCfg = Debug|Any CPU
		{1AAD0BB9-A5B1-4373-8E0E-6231C183E3DC}.Debug|Any CPU.Build.0 = Debug|Any CPU
		{1AAD0BB9-A5B1-4373-8E0E-6231C183E3DC}.Release|Any CPU.ActiveCfg = Release|Any CPU
		{1AAD0BB9-A5B1-4373-8E0E-6231C183E3DC}.Release|Any CPU.Build.0 = Release|Any CPU
	EndGlobalSection
	GlobalSection(SolutionProperties) = preSolution
		HideSolutionNode = FALSE
	EndGlobalSection
	GlobalSection(ExtensibilityGlobals) = postSolution
		SolutionGuid = {74809D5D-427D-45E8-B906-310E1431FE3B}
	EndGlobalSection
EndGlobal
